
Microsoft Visual Studio Solution File, Format Version 12.00
# Visual Studio Version 17
VisualStudioVersion = 17.14.36221.1 d17.14
MinimumVisualStudioVersion = 10.0.40219.1
Project("{FAE04EC0-301F-11D3-BF4B-00C04F79EFBC}") = "3_MakingDecisions", "3_MakingDecisions\3_MakingDecisions.csproj", "{9E15D3F6-927A-46EB-BA48-258758A74917}"
EndProject
Global
	GlobalSection(SolutionConfigurationPlatforms) = preSolution
		Debug|Any CPU = Debug|Any CPU
		Release|Any CPU = Release|Any CPU
	EndGlobalSection
	GlobalSection(ProjectConfigurationPlatforms) = postSolution
		{9E15D3F6-927A-46EB-BA48-258758A74917}.Debug|Any CPU.ActiveCfg = Debug|Any CPU
		{9E15D3F6-927A-46EB-BA48-258758A74917}.Debug|Any CPU.Build.0 = Debug|Any CPU
		{9E15D3F6-927A-46EB-BA48-258758A74917}.Release|Any CPU.ActiveCfg = Release|Any CPU
		{9E15D3F6-927A-46EB-BA48-258758A74917}.Release|Any CPU.Build.0 = Release|Any CPU
	EndGlobalSection
	GlobalSection(SolutionProperties) = preSolution
		HideSolutionNode = FALSE
	EndGlobalSection
	GlobalSection(ExtensibilityGlobals) = postSolution
		SolutionGuid = {D3443BAC-74E6-4A0C-B5AE-4BC2241A208F}
	EndGlobalSection
EndGlobal
